# This file was autogenerated by uv via the following command:
#    uv pip compile pyproject.toml --extra dev -o requirements.lock
aiobotocore==3.4.0
    # via s3fs
aiohappyeyeballs==2.6.1
    # via aiohttp
aiohttp==3.13.5
    # via
    #   aiobotocore
    #   fsspec
    #   ome-zarr
    #   s3fs
    #   squidpy
aioitertools==0.13.0
    # via aiobotocore
aiosignal==1.4.0
    # via aiohttp
anndata==0.12.10
    # via
    #   merxen (pyproject.toml)
    #   annsel
    #   cell-type-mapper
    #   readfcs
    #   scanpy
    #   spatialdata
    #   spatialdata-io
    #   squidpy
annotated-types==0.7.0
    # via pydantic
annsel==0.1.2
    # via spatialdata
argschema==3.0.4
    # via cell-type-mapper
array-api-compat==1.14.0
    # via anndata
attrs==26.1.0
    # via
    #   aiohttp
    #   omnipath
botocore==1.42.84
    # via aiobotocore
cell-type-mapper @ git+https://github.com/AllenInstitute/cell_type_mapper@d79f2a5a0780170be392da3ba0e7d0eb86a36238
    # via merxen (pyproject.toml)
cellpose==4.1.1
    # via merxen (pyproject.toml)
certifi==2026.2.25
    # via
    #   pyogrio
    #   pyproj
    #   requests
    #   scanpy
cfgv==3.5.0
    # via pre-commit
charset-normalizer==3.4.7
    # via requests
click==8.3.2
    # via
    #   merxen (pyproject.toml)
    #   dask
    #   distributed
    #   spatialdata
    #   spatialdata-io
cloudpickle==3.1.2
    # via
    #   dask
    #   distributed
colorcet==3.1.0
    # via datashader
contourpy==1.3.3
    # via matplotlib
coverage==7.13.5
    # via pytest-cov
cuda-bindings==12.9.4
    # via torch
cuda-pathfinder==1.5.3
    # via cuda-bindings
cycler==0.12.1
    # via
    #   matplotlib
    #   squidpy
dask==2026.1.1
    # via
    #   dask-image
    #   distributed
    #   multiscale-spatial-image
    #   ome-zarr
    #   spatialdata
    #   squidpy
dask-image==2025.11.0
    # via
    #   spatialdata
    #   spatialdata-io
    #   squidpy
datashader==0.19.0
    # via spatialdata
deprecated==1.3.1
    # via ome-zarr
distlib==0.4.0
    # via virtualenv
distributed==2026.1.1
    # via spatialdata
docrep==0.3.2
    # via
    #   omnipath
    #   squidpy
donfig==0.8.1.post1
    # via zarr
execnet==2.1.2
    # via pytest-xdist
fast-array-utils==1.4.1
    # via
    #   scanpy
    #   squidpy
fastremap==1.18.0
    # via
    #   cellpose
    #   fill-voids
filelock==3.28.0
    # via
    #   python-discovery
    #   torch
    #   virtualenv
fill-voids==2.1.1
    # via cellpose
flowio==1.4.0
    # via readfcs
fonttools==4.62.1
    # via matplotlib
frozenlist==1.8.0
    # via
    #   aiohttp
    #   aiosignal
fsspec==2026.3.0
    # via
    #   dask
    #   ome-zarr
    #   s3fs
    #   spatialdata
    #   squidpy
    #   torch
    #   universal-pathlib
geopandas==1.1.3
    # via
    #   merxen (pyproject.toml)
    #   spatialdata
google-crc32c==1.8.0
    # via zarr
h5py==3.16.0
    # via
    #   anndata
    #   scanpy
    #   spatialdata-io
identify==2.6.18
    # via pre-commit
idna==3.11
    # via
    #   requests
    #   yarl
igraph==1.0.0
    # via
    #   leidenalg
    #   python-igraph
imagecodecs==2025.11.11
    # via
    #   cellpose
    #   spatialdata-io
    #   squidpy
imageio==2.37.3
    # via
    #   pims
    #   scikit-image
inflect==7.5.0
    # via omnipath
iniconfig==2.3.0
    # via pytest
jinja2==3.1.6
    # via
    #   distributed
    #   torch
jmespath==1.1.0
    # via
    #   aiobotocore
    #   botocore
joblib==1.5.3
    # via
    #   pynndescent
    #   scanpy
    #   scikit-learn
    #   spatialdata-io
kiwisolver==1.5.0
    # via matplotlib
lazy-loader==0.5
    # via scikit-image
legacy-api-wrap==1.5
    # via
    #   anndata
    #   scanpy
leidenalg==0.11.0
    # via merxen (pyproject.toml)
librt==0.9.0
    # via mypy
llvmlite==0.47.0
    # via
    #   numba
    #   pynndescent
locket==1.0.0
    # via
    #   distributed
    #   partd
markdown-it-py==4.0.0
    # via rich
markupsafe==3.0.3
    # via jinja2
marshmallow==3.12.2
    # via
    #   argschema
    #   cell-type-mapper
matplotlib==3.10.8
    # via
    #   merxen (pyproject.toml)
    #   cell-type-mapper
    #   matplotlib-scalebar
    #   scanpy
    #   seaborn
    #   spatialdata-plot
    #   squidpy
    #   xarray-spatial
matplotlib-scalebar==0.9.0
    # via
    #   spatialdata-plot
    #   squidpy
mdurl==0.1.2
    # via markdown-it-py
more-itertools==11.0.2
    # via
    #   annsel
    #   inflect
mpmath==1.3.0
    # via sympy
msgpack==1.1.2
    # via distributed
multidict==6.7.1
    # via
    #   aiobotocore
    #   aiohttp
    #   yarl
multipledispatch==1.0.0
    # via datashader
multiscale-spatial-image==2.0.3
    # via spatialdata
mypy==1.20.1
    # via merxen (pyproject.toml)
mypy-extensions==1.1.0
    # via mypy
narwhals==2.19.0
    # via annsel
natsort==8.4.0
    # via
    #   anndata
    #   cellpose
    #   scanpy
networkx==3.6.1
    # via
    #   scanpy
    #   scikit-image
    #   spatialdata
    #   squidpy
    #   torch
nodeenv==1.10.0
    # via pre-commit
numba==0.65.0
    # via
    #   datashader
    #   fast-array-utils
    #   pynndescent
    #   scanpy
    #   spatialdata
    #   squidpy
    #   umap-learn
    #   xarray-spatial
numcodecs==0.16.5
    # via zarr
numpy==2.2.6
    # via
    #   merxen (pyproject.toml)
    #   anndata
    #   argschema
    #   cell-type-mapper
    #   cellpose
    #   contourpy
    #   dask
    #   dask-image
    #   datashader
    #   fast-array-utils
    #   fastremap
    #   fill-voids
    #   flowio
    #   geopandas
    #   h5py
    #   imagecodecs
    #   imageio
    #   matplotlib
    #   multiscale-spatial-image
    #   numba
    #   numcodecs
    #   ome-zarr
    #   opencv-python-headless
    #   pandas
    #   patsy
    #   pims
    #   pyogrio
    #   roifile
    #   scanpy
    #   scikit-image
    #   scikit-learn
    #   scipy
    #   seaborn
    #   shapely
    #   spatial-image
    #   spatialdata
    #   spatialdata-io
    #   squidpy
    #   statsmodels
    #   tifffile
    #   torchvision
    #   umap-learn
    #   xarray
    #   xarray-dataclass
    #   xarray-spatial
    #   zarr
nvidia-cublas-cu12==12.8.4.1
    # via
    #   nvidia-cudnn-cu12
    #   nvidia-cusolver-cu12
    #   torch
nvidia-cuda-cupti-cu12==12.8.90
    # via torch
nvidia-cuda-nvrtc-cu12==12.8.93
    # via torch
nvidia-cuda-runtime-cu12==12.8.90
    # via torch
nvidia-cudnn-cu12==9.10.2.21
    # via torch
nvidia-cufft-cu12==11.3.3.83
    # via torch
nvidia-cufile-cu12==1.13.1.3
    # via torch
nvidia-curand-cu12==10.3.9.90
    # via torch
nvidia-cusolver-cu12==11.7.3.90
    # via torch
nvidia-cusparse-cu12==12.5.8.93
    # via
    #   nvidia-cusolver-cu12
    #   torch
nvidia-cusparselt-cu12==0.7.1
    # via torch
nvidia-nccl-cu12==2.27.5
    # via torch
nvidia-nvjitlink-cu12==12.8.93
    # via
    #   nvidia-cufft-cu12
    #   nvidia-cusolver-cu12
    #   nvidia-cusparse-cu12
    #   torch
nvidia-nvshmem-cu12==3.4.5
    # via torch
nvidia-nvtx-cu12==12.8.90
    # via torch
ome-types==0.6.3
    # via spatialdata-io
ome-zarr==0.15.0
    # via spatialdata
omnipath==1.0.12
    # via squidpy
opencv-python-headless==4.13.0.92
    # via cellpose
packaging==26.1
    # via
    #   anndata
    #   dask
    #   datashader
    #   distributed
    #   geopandas
    #   lazy-loader
    #   matplotlib
    #   omnipath
    #   pims
    #   pooch
    #   pyogrio
    #   pytest
    #   scanpy
    #   scikit-image
    #   statsmodels
    #   xarray
    #   zarr
pandas==2.3.3
    # via
    #   merxen (pyproject.toml)
    #   anndata
    #   dask
    #   dask-image
    #   datashader
    #   geopandas
    #   narwhals
    #   omnipath
    #   scanpy
    #   seaborn
    #   spatialdata
    #   squidpy
    #   statsmodels
    #   xarray
param==2.3.3
    # via
    #   datashader
    #   pyct
partd==1.4.2
    # via dask
pathlib-abc==0.5.2
    # via universal-pathlib
pathspec==1.0.4
    # via mypy
patsy==1.0.2
    # via
    #   scanpy
    #   statsmodels
pillow==12.2.0
    # via
    #   imageio
    #   matplotlib
    #   scikit-image
    #   squidpy
    #   torchvision
pims==0.7
    # via dask-image
platformdirs==4.9.6
    # via
    #   pooch
    #   python-discovery
    #   virtualenv
pluggy==1.6.0
    # via
    #   pytest
    #   pytest-cov
pooch==1.9.0
    # via
    #   annsel
    #   spatialdata
    #   squidpy
pre-commit==4.5.1
    # via merxen (pyproject.toml)
propcache==0.4.1
    # via
    #   aiohttp
    #   yarl
psutil==7.2.2
    # via
    #   merxen (pyproject.toml)
    #   distributed
pyarrow==23.0.1
    # via
    #   dask
    #   spatialdata
    #   spatialdata-io
pyct==0.6.0
    # via datashader
pydantic==2.13.0
    # via
    #   merxen (pyproject.toml)
    #   ome-types
    #   pydantic-extra-types
    #   pydantic-settings
pydantic-core==2.46.0
    # via
    #   ome-types
    #   pydantic
pydantic-extra-types==2.11.1
    # via ome-types
pydantic-settings==2.13.1
    # via merxen (pyproject.toml)
pygments==2.20.0
    # via
    #   pytest
    #   rich
pynndescent==0.6.0
    # via
    #   scanpy
    #   umap-learn
pyogrio==0.12.1
    # via geopandas
pyparsing==3.3.2
    # via matplotlib
pyproj==3.7.2
    # via geopandas
pytest==9.0.3
    # via
    #   merxen (pyproject.toml)
    #   cell-type-mapper
    #   pytest-cov
    #   pytest-xdist
pytest-cov==7.1.0
    # via merxen (pyproject.toml)
pytest-xdist==3.8.0
    # via cell-type-mapper
python-dateutil==2.9.0.post0
    # via
    #   aiobotocore
    #   botocore
    #   matplotlib
    #   multiscale-spatial-image
    #   pandas
python-discovery==1.2.2
    # via virtualenv
python-dotenv==1.2.2
    # via pydantic-settings
python-igraph==1.0.0
    # via merxen (pyproject.toml)
pytz==2026.1.post1
    # via pandas
pyyaml==6.0.3
    # via
    #   argschema
    #   dask
    #   distributed
    #   donfig
    #   pre-commit
    #   squidpy
rangehttpserver==1.4.0
    # via ome-zarr
readfcs==2.1.0
    # via spatialdata-io
requests==2.33.1
    # via
    #   datashader
    #   ome-zarr
    #   omnipath
    #   pooch
rich==15.0.0
    # via spatialdata
roifile==2026.2.10
    # via cellpose
ruff==0.15.10
    # via merxen (pyproject.toml)
s3fs==2026.3.0
    # via fsspec
scanpy==1.12.1
    # via
    #   merxen (pyproject.toml)
    #   spatialdata-io
    #   spatialdata-plot
    #   squidpy
scikit-image==0.26.0
    # via
    #   merxen (pyproject.toml)
    #   ome-zarr
    #   spatialdata
    #   spatialdata-io
    #   squidpy
scikit-learn==1.8.0
    # via
    #   pynndescent
    #   scanpy
    #   spatialdata-plot
    #   squidpy
    #   umap-learn
scipy==1.14.1
    # via
    #   merxen (pyproject.toml)
    #   anndata
    #   cell-type-mapper
    #   cellpose
    #   dask-image
    #   datashader
    #   fast-array-utils
    #   pynndescent
    #   scanpy
    #   scikit-image
    #   scikit-learn
    #   spatialdata
    #   statsmodels
    #   umap-learn
    #   xarray-spatial
seaborn==0.13.2
    # via
    #   merxen (pyproject.toml)
    #   scanpy
segment-anything==1.0
    # via cellpose
session-info2==0.4.1
    # via
    #   annsel
    #   scanpy
setuptools==82.0.1
    # via
    #   spatialdata
    #   torch
shapely==2.1.2
    # via
    #   merxen (pyproject.toml)
    #   geopandas
    #   spatialdata
six==1.17.0
    # via
    #   docrep
    #   python-dateutil
slicerator==1.1.0
    # via pims
sortedcontainers==2.4.0
    # via distributed
spatial-image==1.2.3
    # via
    #   multiscale-spatial-image
    #   spatialdata
spatialdata @ git+https://github.com/scverse/spatialdata.git@78f75ef1c226e660256b5234dab2cb11ed8ec44a
    # via
    #   merxen (pyproject.toml)
    #   spatialdata-io
    #   spatialdata-plot
    #   squidpy
spatialdata-io==0.6.0
    # via merxen (pyproject.toml)
spatialdata-plot==0.3.3
    # via squidpy
squidpy==1.8.1
    # via merxen (pyproject.toml)
statsmodels==0.14.6
    # via
    #   scanpy
    #   squidpy
sympy==1.14.0
    # via torch
tblib==3.2.2
    # via distributed
texttable==1.7.0
    # via igraph
threadpoolctl==3.6.0
    # via scikit-learn
tifffile==2026.4.11
    # via
    #   cellpose
    #   dask-image
    #   pims
    #   scikit-image
    #   spatialdata-io
    #   squidpy
toolz==1.1.0
    # via
    #   dask
    #   datashader
    #   distributed
    #   ome-zarr
    #   partd
torch==2.10.0
    # via
    #   cellpose
    #   torchvision
torchvision==0.25.0
    # via cellpose
tornado==6.5.5
    # via distributed
tqdm==4.67.3
    # via
    #   merxen (pyproject.toml)
    #   annsel
    #   cellpose
    #   omnipath
    #   scanpy
    #   squidpy
    #   umap-learn
triton==3.6.0
    # via torch
typeguard==4.5.1
    # via inflect
typing-extensions==4.15.0
    # via
    #   mypy
    #   numcodecs
    #   omnipath
    #   pydantic
    #   pydantic-core
    #   pydantic-extra-types
    #   spatialdata
    #   torch
    #   typeguard
    #   typing-inspection
    #   xarray-dataclass
    #   xsdata
    #   zarr
typing-inspection==0.4.2
    # via
    #   pydantic
    #   pydantic-settings
tzdata==2026.1
    # via pandas
umap-learn==0.5.12
    # via scanpy
universal-pathlib==0.3.10
    # via
    #   annsel
    #   spatialdata
urllib3==2.6.3
    # via
    #   botocore
    #   distributed
    #   omnipath
    #   requests
validators==0.35.0
    # via squidpy
virtualenv==21.2.4
    # via pre-commit
wrapt==2.1.2
    # via
    #   aiobotocore
    #   deprecated
    #   omnipath
xarray==2026.4.0
    # via
    #   merxen (pyproject.toml)
    #   datashader
    #   multiscale-spatial-image
    #   spatial-image
    #   spatialdata
    #   squidpy
    #   xarray-dataclass
    #   xarray-spatial
xarray-dataclass==3.0.0
    # via
    #   multiscale-spatial-image
    #   spatial-image
xarray-spatial==0.9.6
    # via spatialdata
xmltodict==1.0.4
    # via spatialdata-io
xsdata==26.2
    # via ome-types
yarl==1.23.0
    # via aiohttp
zarr==3.1.6
    # via
    #   merxen (pyproject.toml)
    #   anndata
    #   multiscale-spatial-image
    #   ome-zarr
    #   spatialdata
    #   squidpy
zict==3.0.0
    # via distributed
zstandard==0.25.0
    # via xarray-spatial
